{
  "lockfile_version": "1",
  "packages": {
    "diesel-cli": {
      "resolved": "github:NixOS/nixpkgs/75a52265bda7fd25e06e3a67dee3f0354e73243c#diesel-cli",
      "source": "nixpkg",
      "systems": {
        "x86_64-linux": {
          "outputs": [
            {
              "path": "/nix/store/xh2qb42vch3yy0g852384bczxdj122p1-diesel-cli-2.1.1",
              "default": true
            }
          ]
        }
      }
    },
    "docker@latest": {
      "last_modified": "2024-11-16T04:25:12Z",
      "resolved": "github:NixOS/nixpkgs/34a626458d686f1b58139620a8b2793e9e123bba#docker",
      "source": "devbox-search",
      "version": "27.3.1",
      "systems": {
        "aarch64-darwin": {
          "outputs": [
            {
              "name": "out",
              "path": "/nix/store/wlk4grf07msxc7dfan8ggi4zzfk50lfn-docker-27.3.1",
              "default": true
            }
          ],
          "store_path": "/nix/store/wlk4grf07msxc7dfan8ggi4zzfk50lfn-docker-27.3.1"
        },
        "aarch64-linux": {
          "outputs": [
            {
              "name": "out",
              "path": "/nix/store/hlp626khdzzc7id4bm16vymv3l1ncrrg-docker-27.3.1",
              "default": true
            }
          ],
          "store_path": "/nix/store/hlp626khdzzc7id4bm16vymv3l1ncrrg-docker-27.3.1"
        },
        "x86_64-darwin": {
          "outputs": [
            {
              "name": "out",
              "path": "/nix/store/62jmz5l3svb4amkhwvpabz53k25ii2q4-docker-27.3.1",
              "default": true
            }
          ],
          "store_path": "/nix/store/62jmz5l3svb4amkhwvpabz53k25ii2q4-docker-27.3.1"
        },
        "x86_64-linux": {
          "outputs": [
            {
              "name": "out",
              "path": "/nix/store/j4y5rj5qhk4qlya02vrxf3rj6402xrr9-docker-27.3.1",
              "default": true
            }
          ],
          "store_path": "/nix/store/j4y5rj5qhk4qlya02vrxf3rj6402xrr9-docker-27.3.1"
        }
      }
    },
    "libiconv": {
      "resolved": "github:NixOS/nixpkgs/75a52265bda7fd25e06e3a67dee3f0354e73243c#libiconv",
      "source": "nixpkg",
      "systems": {
        "x86_64-linux": {
          "outputs": [
            {
              "path": "/nix/store/q5hb3hc2sh0ddnygf5xc6df6qhnvq32g-glibc-iconv-2.38",
              "default": true
            }
          ]
        }
      }
    },
    "nodejs@20": {
      "last_modified": "2024-11-16T04:25:12Z",
      "plugin_version": "0.0.2",
      "resolved": "github:NixOS/nixpkgs/34a626458d686f1b58139620a8b2793e9e123bba#nodejs_20",
      "source": "devbox-search",
      "version": "20.18.0",
      "systems": {
        "aarch64-darwin": {
          "outputs": [
            {
              "name": "out",
              "path": "/nix/store/9grahx8677nlgbx3yfiggibw335lkgfr-nodejs-20.18.0",
              "default": true
            },
            {
              "name": "libv8",
              "path": "/nix/store/hfchgw1as9fm02wcyr3iqya05ylll5f3-nodejs-20.18.0-libv8"
            }
          ],
          "store_path": "/nix/store/9grahx8677nlgbx3yfiggibw335lkgfr-nodejs-20.18.0"
        },
        "aarch64-linux": {
          "outputs": [
            {
              "name": "out",
              "path": "/nix/store/hsh74yzdb9yk834w9j5qz0w3sw84wcfv-nodejs-20.18.0",
              "default": true
            },
            {
              "name": "libv8",
              "path": "/nix/store/yajvza262cb3bri9cryfrgpm3pvc066n-nodejs-20.18.0-libv8"
            }
          ],
          "store_path": "/nix/store/hsh74yzdb9yk834w9j5qz0w3sw84wcfv-nodejs-20.18.0"
        },
        "x86_64-darwin": {
          "outputs": [
            {
              "name": "out",
              "path": "/nix/store/v8p36abnvrn9i5h41zkgrayaj7sclv6z-nodejs-20.18.0",
              "default": true
            },
            {
              "name": "libv8",
              "path": "/nix/store/93xdzgjsm1dnnw33lnba4i7h7k5yph4k-nodejs-20.18.0-libv8"
            }
          ],
          "store_path": "/nix/store/v8p36abnvrn9i5h41zkgrayaj7sclv6z-nodejs-20.18.0"
        },
        "x86_64-linux": {
          "outputs": [
            {
              "name": "out",
              "path": "/nix/store/z0ivg3dbal4sk5h0c7p1pfkxc7ff98ri-nodejs-20.18.0",
              "default": true
            },
            {
              "name": "libv8",
              "path": "/nix/store/czcxwki3zqih2pf355zk0vxbmrij2bzx-nodejs-20.18.0-libv8"
            }
          ],
          "store_path": "/nix/store/z0ivg3dbal4sk5h0c7p1pfkxc7ff98ri-nodejs-20.18.0"
        }
      }
    },
    "openssl": {
      "resolved": "github:NixOS/nixpkgs/75a52265bda7fd25e06e3a67dee3f0354e73243c#openssl",
      "source": "nixpkg",
      "systems": {
        "x86_64-linux": {
          "outputs": [
            {
              "name": "man",
              "path": "/nix/store/08l6pc17bavvj82bld6x31zhfspp090l-openssl-3.0.11-man",
              "default": true
            },
            {
              "name": "bin",
              "path": "/nix/store/h88lv2d4pjrbj00cvbvw6dnbxmg67ahh-openssl-3.0.11-bin",
              "default": true
            }
          ]
        }
      }
    },
    "pkg-config": {
      "resolved": "github:NixOS/nixpkgs/75a52265bda7fd25e06e3a67dee3f0354e73243c#pkg-config",
      "source": "nixpkg",
      "systems": {
        "x86_64-linux": {
          "outputs": [
            {
              "path": "/nix/store/ifr6srqgpvygd5vp14748d109ri31isv-pkg-config-wrapper-0.29.2",
              "default": true
            },
            {
              "name": "man",
              "path": "/nix/store/ihi7mjkhxp03sdj64azbql84cdcrmdg7-pkg-config-wrapper-0.29.2-man",
              "default": true
            }
          ]
        }
      }
    },
    "postgresql@15": {
      "last_modified": "2024-08-14T02:42:29Z",
      "plugin_version": "0.0.2",
      "resolved": "github:NixOS/nixpkgs/daf7bb95821b789db24fc1ac21f613db0c1bf2cb#postgresql",
      "source": "devbox-search",
      "version": "15.7",
      "systems": {
        "aarch64-darwin": {
          "outputs": [
            {
              "name": "out",
              "path": "/nix/store/j063gkab0kj312p0r5wlwh8hhs3ivmmv-postgresql-15.7",
              "default": true
            },
            {
              "name": "man",
              "path": "/nix/store/83zyb6qnvn85ilfb4g03yr8zjnc4kw5c-postgresql-15.7-man",
              "default": true
            },
            {
              "name": "doc",
              "path": "/nix/store/w98l40gkbw15cxjajs9wr9aaz1zqq8pv-postgresql-15.7-doc"
            },
            {
              "name": "lib",
              "path": "/nix/store/2lqmjj3nwingqsajwgwym4jjl1plqrxd-postgresql-15.7-lib"
            }
          ],
          "store_path": "/nix/store/j063gkab0kj312p0r5wlwh8hhs3ivmmv-postgresql-15.7"
        },
        "aarch64-linux": {
          "outputs": [
            {
              "name": "out",
              "path": "/nix/store/bm08f8k2gyndfq1mszvdm07jnmwr6nlf-postgresql-15.7",
              "default": true
            },
            {
              "name": "man",
              "path": "/nix/store/yd6qvs38zm55271230hfn4j0rd4029ca-postgresql-15.7-man",
              "default": true
            },
            {
              "name": "debug",
              "path": "/nix/store/m8kdahlx418v1x8pvbjja5zbl8ix4hff-postgresql-15.7-debug"
            },
            {
              "name": "doc",
              "path": "/nix/store/nw2ng4sh1vzih1rrfzlivd2c7ifh9zm2-postgresql-15.7-doc"
            },
            {
              "name": "lib",
              "path": "/nix/store/fvs07mhcygpwy41jhw34kq7ghlcnv4nf-postgresql-15.7-lib"
            }
          ],
          "store_path": "/nix/store/bm08f8k2gyndfq1mszvdm07jnmwr6nlf-postgresql-15.7"
        },
        "x86_64-darwin": {
          "outputs": [
            {
              "name": "out",
              "path": "/nix/store/q4h9xjc0804xkcb0l7kxmp8rbqadlpg9-postgresql-15.7",
              "default": true
            },
            {
              "name": "man",
              "path": "/nix/store/22xrk7r5c4bh12wnmh4xssd1xk06b96l-postgresql-15.7-man",
              "default": true
            },
            {
              "name": "lib",
              "path": "/nix/store/4bqzgkyvzc7c7i955raibmaqabffsi4y-postgresql-15.7-lib"
            },
            {
              "name": "doc",
              "path": "/nix/store/4ynkh5cclgi0jcg42868z764irl32dx3-postgresql-15.7-doc"
            }
          ],
          "store_path": "/nix/store/q4h9xjc0804xkcb0l7kxmp8rbqadlpg9-postgresql-15.7"
        },
        "x86_64-linux": {
          "outputs": [
            {
              "name": "out",
              "path": "/nix/store/8gr5ybhmdkafii5idcg57p66nk1qd6sf-postgresql-15.7",
              "default": true
            },
            {
              "name": "man",
              "path": "/nix/store/0j6lskwq3imd8gdwy5rz9sjmn3c41qbc-postgresql-15.7-man",
              "default": true
            },
            {
              "name": "lib",
              "path": "/nix/store/9xj29q1wf5wazv63hn5dxlwsp8k3h5lc-postgresql-15.7-lib"
            },
            {
              "name": "debug",
              "path": "/nix/store/xw1fhj72fzrlkvapaf1spx19ixqm7394-postgresql-15.7-debug"
            },
            {
              "name": "doc",
              "path": "/nix/store/01snq9n6ka7zkb4dp7k639mbb5p0v5qi-postgresql-15.7-doc"
            }
          ],
          "store_path": "/nix/store/8gr5ybhmdkafii5idcg57p66nk1qd6sf-postgresql-15.7"
        }
      }
    },
    "rustup": {
      "plugin_version": "0.0.1",
      "resolved": "github:NixOS/nixpkgs/75a52265bda7fd25e06e3a67dee3f0354e73243c#rustup",
      "source": "nixpkg",
      "systems": {
        "x86_64-linux": {
          "outputs": [
            {
              "path": "/nix/store/0cn8dalwkmdark0zhpyn05453vb2lnds-rustup-1.26.0",
              "default": true
            }
          ]
        }
      }
    },
    "soft-serve": {
      "resolved": "github:NixOS/nixpkgs/75a52265bda7fd25e06e3a67dee3f0354e73243c#soft-serve",
      "source": "nixpkg",
      "systems": {
        "x86_64-linux": {
          "outputs": [
            {
              "path": "/nix/store/p14yny0kx19njhlz6j1lrwk438gbd2na-soft-serve-0.6.2",
              "default": true
            }
          ]
        }
      }
    }
  }
}
